
Microsoft Visual Studio Solution File, Format Version 12.00
# Visual Studio Version 16
VisualStudioVersion = 16.0.31729.503
MinimumVisualStudioVersion = 10.0.40219.1
Project("{FAE04EC0-301F-11D3-BF4B-00C04F79EFBC}") = "TicTacToe", "TicTacToe.csproj", "{4BEE079A-0B8C-4267-A879-7126BCF2459E}"
EndProject
Global
	GlobalSection(SolutionConfigurationPlatforms) = preSolution
		Debug|Any CPU = Debug|Any CPU
		Release|Any CPU = Release|Any CPU
	EndGlobalSection
	GlobalSection(ProjectConfigurationPlatforms) = postSolution
		{4BEE079A-0B8C-4267-A879-7126BCF2459E}.Debug|Any CPU.ActiveCfg = Debug|Any CPU
		{4BEE079A-0B8C-4267-A879-7126BCF2459E}.Debug|Any CPU.Build.0 = Debug|Any CPU
		{4BEE079A-0B8C-4267-A879-7126BCF2459E}.Release|Any CPU.ActiveCfg = Release|Any CPU
		{4BEE079A-0B8C-4267-A879-7126BCF2459E}.Release|Any CPU.Build.0 = Release|Any CPU
	EndGlobalSection
	GlobalSection(SolutionProperties) = preSolution
		HideSolutionNode = FALSE
	EndGlobalSection
	GlobalSection(ExtensibilityGlobals) = postSolution
		SolutionGuid = {DDBBE177-2441-481D-BAB4-4EDC8A2B5EC1}
	EndGlobalSection
EndGlobal
